
Microsoft Visual Studio Solution File, Format Version 12.00
# Visual Studio Version 17
VisualStudioVersion = 17.8.34330.188
MinimumVisualStudioVersion = 10.0.40219.1
Project("{888888A0-9F3D-457C-B088-3A5042F75D52}") = "Приложение-Советчик(ИАД)", "Приложение-Советчик(ИАД).pyproj", "{A8661425-0C1F-4AC8-887F-3AD86A17019A}"
EndProject
Global
	GlobalSection(SolutionConfigurationPlatforms) = preSolution
		Debug|Any CPU = Debug|Any CPU
		Release|Any CPU = Release|Any CPU
	EndGlobalSection
	GlobalSection(ProjectConfigurationPlatforms) = postSolution
		{A8661425-0C1F-4AC8-887F-3AD86A17019A}.Debug|Any CPU.ActiveCfg = Debug|Any CPU
		{A8661425-0C1F-4AC8-887F-3AD86A17019A}.Release|Any CPU.ActiveCfg = Release|Any CPU
	EndGlobalSection
	GlobalSection(SolutionProperties) = preSolution
		HideSolutionNode = FALSE
	EndGlobalSection
	GlobalSection(ExtensibilityGlobals) = postSolution
		SolutionGuid = {1FFCF29E-B6C1-4C40-87F8-4EBB3667E881}
	EndGlobalSection
EndGlobal
